// !$*UTF8*$!
{
	archiveVersion = 1;
	classes = {
	};
	objectVersion = 46;
	objects = {

/* Begin PBXBuildFile section */
		6690424A1F55C44800751113 /* Follower.swift in Sources */ = {isa = PBXBuildFile; fileRef = 669042491F55C44800751113 /* Follower.swift */; };
		6690424C1F55C45F00751113 /* Tweet.swift in Sources */ = {isa = PBXBuildFile; fileRef = 6690424B1F55C45F00751113 /* Tweet.swift */; };
		6690424F1F55C49100751113 /* API.swift in Sources */ = {isa = PBXBuildFile; fileRef = 6690424E1F55C49100751113 /* API.swift */; };
		669042511F55CB8800751113 /* Constants.swift in Sources */ = {isa = PBXBuildFile; fileRef = 669042501F55CB8800751113 /* Constants.swift */; };
		669042541F55D15300751113 /* FollowerHeader.swift in Sources */ = {isa = PBXBuildFile; fileRef = 669042531F55D15300751113 /* FollowerHeader.swift */; };
		669042561F55D17600751113 /* FollowerHeader.xib in Resources */ = {isa = PBXBuildFile; fileRef = 669042551F55D17600751113 /* FollowerHeader.xib */; };
		669042591F561F9200751113 /* TwitterRouter.swift in Sources */ = {isa = PBXBuildFile; fileRef = 669042581F561F9200751113 /* TwitterRouter.swift */; };
		669042811F56C97400751113 /* UIAlertControllerExtension.swift in Sources */ = {isa = PBXBuildFile; fileRef = 669042801F56C97400751113 /* UIAlertControllerExtension.swift */; };
		669042861F56CB2A00751113 /* FollowersViewController.swift in Sources */ = {isa = PBXBuildFile; fileRef = 669042851F56CB2A00751113 /* FollowersViewController.swift */; };
		669042881F56D3F000751113 /* SafariServices.framework in Frameworks */ = {isa = PBXBuildFile; fileRef = 669042871F56D3F000751113 /* SafariServices.framework */; };
		6690428A1F56E2EC00751113 /* FollowersPage.swift in Sources */ = {isa = PBXBuildFile; fileRef = 669042891F56E2EC00751113 /* FollowersPage.swift */; };
		6690428C1F56F65700751113 /* FollowersViewModel.swift in Sources */ = {isa = PBXBuildFile; fileRef = 6690428B1F56F65700751113 /* FollowersViewModel.swift */; };
		6690428E1F56F73A00751113 /* ProfileViewModel.swift in Sources */ = {isa = PBXBuildFile; fileRef = 6690428D1F56F73A00751113 /* ProfileViewModel.swift */; };
		669042901F56F75C00751113 /* ProfileViewController.swift in Sources */ = {isa = PBXBuildFile; fileRef = 6690428F1F56F75C00751113 /* ProfileViewController.swift */; };
		669042921F57A71200751113 /* FollowerCollectionViewCell.swift in Sources */ = {isa = PBXBuildFile; fileRef = 669042911F57A71200751113 /* FollowerCollectionViewCell.swift */; };
		669042941F57A79600751113 /* TweetTableViewCell.swift in Sources */ = {isa = PBXBuildFile; fileRef = 669042931F57A79600751113 /* TweetTableViewCell.swift */; };
		669042961F588A4200751113 /* ImageViewerViewController.swift in Sources */ = {isa = PBXBuildFile; fileRef = 669042951F588A4200751113 /* ImageViewerViewController.swift */; };
		669042981F588A6700751113 /* ImageViewerViewModel.swift in Sources */ = {isa = PBXBuildFile; fileRef = 669042971F588A6700751113 /* ImageViewerViewModel.swift */; };
		6690429B1F58965F00751113 /* Localization.strings in Resources */ = {isa = PBXBuildFile; fileRef = 6690429D1F58965F00751113 /* Localization.strings */; };
		66C01B671F54CC4700DB2AF4 /* AppDelegate.swift in Sources */ = {isa = PBXBuildFile; fileRef = 66C01B661F54CC4700DB2AF4 /* AppDelegate.swift */; };
		66C01B6C1F54CC4700DB2AF4 /* Main.storyboard in Resources */ = {isa = PBXBuildFile; fileRef = 66C01B6A1F54CC4700DB2AF4 /* Main.storyboard */; };
		66C01B6E1F54CC4700DB2AF4 /* Assets.xcassets in Resources */ = {isa = PBXBuildFile; fileRef = 66C01B6D1F54CC4700DB2AF4 /* Assets.xcassets */; };
		66C01B711F54CC4700DB2AF4 /* LaunchScreen.storyboard in Resources */ = {isa = PBXBuildFile; fileRef = 66C01B6F1F54CC4700DB2AF4 /* LaunchScreen.storyboard */; };
		66C01B7C1F54CC4700DB2AF4 /* SimpleTwitterClientTests.swift in Sources */ = {isa = PBXBuildFile; fileRef = 66C01B7B1F54CC4700DB2AF4 /* SimpleTwitterClientTests.swift */; };
		66C01B871F54CC4700DB2AF4 /* SimpleTwitterClientUITests.swift in Sources */ = {isa = PBXBuildFile; fileRef = 66C01B861F54CC4700DB2AF4 /* SimpleTwitterClientUITests.swift */; };
		66C01B951F54D54300DB2AF4 /* Default-568h@2x.png in Resources */ = {isa = PBXBuildFile; fileRef = 66C01B941F54D54300DB2AF4 /* Default-568h@2x.png */; };
		66C01B9A1F54DCCA00DB2AF4 /* LoginViewController.swift in Sources */ = {isa = PBXBuildFile; fileRef = 66C01B991F54DCCA00DB2AF4 /* LoginViewController.swift */; };
		66C01B9D1F54DD9400DB2AF4 /* R.generated.swift in Sources */ = {isa = PBXBuildFile; fileRef = 66C01B9C1F54DD9400DB2AF4 /* R.generated.swift */; };
		66C01B9F1F54E05700DB2AF4 /* LoginViewModel.swift in Sources */ = {isa = PBXBuildFile; fileRef = 66C01B9E1F54E05700DB2AF4 /* LoginViewModel.swift */; };
		7343E82387E5716E903E2556 /* Pods_SimpleTwitterClient_SimpleTwitterClientTests.framework in Frameworks */ = {isa = PBXBuildFile; fileRef = 1A0EA2B8E4E9E2D90340FE06 /* Pods_SimpleTwitterClient_SimpleTwitterClientTests.framework */; };
		ADCF897E5A56608522B6093B /* Pods_SimpleTwitterClient.framework in Frameworks */ = {isa = PBXBuildFile; fileRef = 38F558FE8FC203D2EA290AA8 /* Pods_SimpleTwitterClient.framework */; };
/* End PBXBuildFile section */

/* Begin PBXContainerItemProxy section */
		66C01B781F54CC4700DB2AF4 /* PBXContainerItemProxy */ = {
			isa = PBXContainerItemProxy;
			containerPortal = 66C01B5B1F54CC4700DB2AF4 /* Project object */;
			proxyType = 1;
			remoteGlobalIDString = 66C01B621F54CC4700DB2AF4;
			remoteInfo = SimpleTwitterClient;
		};
		66C01B831F54CC4700DB2AF4 /* PBXContainerItemProxy */ = {
			isa = PBXContainerItemProxy;
			containerPortal = 66C01B5B1F54CC4700DB2AF4 /* Project object */;
			proxyType = 1;
			remoteGlobalIDString = 66C01B621F54CC4700DB2AF4;
			remoteInfo = SimpleTwitterClient;
		};
/* End PBXContainerItemProxy section */

/* Begin PBXFileReference section */
		108B0139865BCA17C0350215 /* Pods-SimpleTwitterClient-SimpleTwitterClientTests.release.xcconfig */ = {isa = PBXFileReference; includeInIndex = 1; lastKnownFileType = text.xcconfig; name = "Pods-SimpleTwitterClient-SimpleTwitterClientTests.release.xcconfig"; path = "Pods/Target Support Files/Pods-SimpleTwitterClient-SimpleTwitterClientTests/Pods-SimpleTwitterClient-SimpleTwitterClientTests.release.xcconfig"; sourceTree = "<group>"; };
		1A0EA2B8E4E9E2D90340FE06 /* Pods_SimpleTwitterClient_SimpleTwitterClientTests.framework */ = {isa = PBXFileReference; explicitFileType = wrapper.framework; includeInIndex = 0; path = Pods_SimpleTwitterClient_SimpleTwitterClientTests.framework; sourceTree = BUILT_PRODUCTS_DIR; };
		38F558FE8FC203D2EA290AA8 /* Pods_SimpleTwitterClient.framework */ = {isa = PBXFileReference; explicitFileType = wrapper.framework; includeInIndex = 0; path = Pods_SimpleTwitterClient.framework; sourceTree = BUILT_PRODUCTS_DIR; };
		49C283F884BC9CE97122C48E /* Pods-SimpleTwitterClient.debug.xcconfig */ = {isa = PBXFileReference; includeInIndex = 1; lastKnownFileType = text.xcconfig; name = "Pods-SimpleTwitterClient.debug.xcconfig"; path = "Pods/Target Support Files/Pods-SimpleTwitterClient/Pods-SimpleTwitterClient.debug.xcconfig"; sourceTree = "<group>"; };
		669042491F55C44800751113 /* Follower.swift */ = {isa = PBXFileReference; fileEncoding = 4; lastKnownFileType = sourcecode.swift; name = Follower.swift; path = Models/Follower.swift; sourceTree = "<group>"; };
		6690424B1F55C45F00751113 /* Tweet.swift */ = {isa = PBXFileReference; fileEncoding = 4; lastKnownFileType = sourcecode.swift; name = Tweet.swift; path = Models/Tweet.swift; sourceTree = "<group>"; };
		6690424E1F55C49100751113 /* API.swift */ = {isa = PBXFileReference; fileEncoding = 4; lastKnownFileType = sourcecode.swift; name = API.swift; path = Services/API.swift; sourceTree = "<group>"; };
		669042501F55CB8800751113 /* Constants.swift */ = {isa = PBXFileReference; fileEncoding = 4; lastKnownFileType = sourcecode.swift; path = Constants.swift; sourceTree = "<group>"; };
		669042531F55D15300751113 /* FollowerHeader.swift */ = {isa = PBXFileReference; fileEncoding = 4; lastKnownFileType = sourcecode.swift; name = FollowerHeader.swift; path = CustomNibs/FollowerHeader/FollowerHeader.swift; sourceTree = "<group>"; };
		669042551F55D17600751113 /* FollowerHeader.xib */ = {isa = PBXFileReference; fileEncoding = 4; lastKnownFileType = file.xib; name = FollowerHeader.xib; path = CustomNibs/FollowerHeader/FollowerHeader.xib; sourceTree = "<group>"; };
		669042581F561F9200751113 /* TwitterRouter.swift */ = {isa = PBXFileReference; fileEncoding = 4; lastKnownFileType = sourcecode.swift; name = TwitterRouter.swift; path = Services/NetworkExtensions/TwitterRouter.swift; sourceTree = "<group>"; };
		669042801F56C97400751113 /* UIAlertControllerExtension.swift */ = {isa = PBXFileReference; fileEncoding = 4; lastKnownFileType = sourcecode.swift; name = UIAlertControllerExtension.swift; path = Extensions/UIAlertControllerExtension.swift; sourceTree = "<group>"; };
		669042851F56CB2A00751113 /* FollowersViewController.swift */ = {isa = PBXFileReference; fileEncoding = 4; lastKnownFileType = sourcecode.swift; name = FollowersViewController.swift; path = Views/FollowersViewController.swift; sourceTree = "<group>"; };
		669042871F56D3F000751113 /* SafariServices.framework */ = {isa = PBXFileReference; lastKnownFileType = wrapper.framework; name = SafariServices.framework; path = System/Library/Frameworks/SafariServices.framework; sourceTree = SDKROOT; };
		669042891F56E2EC00751113 /* FollowersPage.swift */ = {isa = PBXFileReference; fileEncoding = 4; lastKnownFileType = sourcecode.swift; name = FollowersPage.swift; path = Models/FollowersPage.swift; sourceTree = "<group>"; };
		6690428B1F56F65700751113 /* FollowersViewModel.swift */ = {isa = PBXFileReference; fileEncoding = 4; lastKnownFileType = sourcecode.swift; name = FollowersViewModel.swift; path = ViewModels/FollowersViewModel.swift; sourceTree = "<group>"; };
		6690428D1F56F73A00751113 /* ProfileViewModel.swift */ = {isa = PBXFileReference; fileEncoding = 4; lastKnownFileType = sourcecode.swift; name = ProfileViewModel.swift; path = ViewModels/ProfileViewModel.swift; sourceTree = "<group>"; };
		6690428F1F56F75C00751113 /* ProfileViewController.swift */ = {isa = PBXFileReference; fileEncoding = 4; lastKnownFileType = sourcecode.swift; name = ProfileViewController.swift; path = Views/ProfileViewController.swift; sourceTree = "<group>"; };
		669042911F57A71200751113 /* FollowerCollectionViewCell.swift */ = {isa = PBXFileReference; fileEncoding = 4; lastKnownFileType = sourcecode.swift; name = FollowerCollectionViewCell.swift; path = CustomCells/FollowerCollectionViewCell.swift; sourceTree = "<group>"; };
		669042931F57A79600751113 /* TweetTableViewCell.swift */ = {isa = PBXFileReference; fileEncoding = 4; lastKnownFileType = sourcecode.swift; name = TweetTableViewCell.swift; path = CustomCells/TweetTableViewCell.swift; sourceTree = "<group>"; };
		669042951F588A4200751113 /* ImageViewerViewController.swift */ = {isa = PBXFileReference; fileEncoding = 4; lastKnownFileType = sourcecode.swift; name = ImageViewerViewController.swift; path = Views/ImageViewerViewController.swift; sourceTree = "<group>"; };
		669042971F588A6700751113 /* ImageViewerViewModel.swift */ = {isa = PBXFileReference; fileEncoding = 4; lastKnownFileType = sourcecode.swift; name = ImageViewerViewModel.swift; path = ViewModels/ImageViewerViewModel.swift; sourceTree = "<group>"; };
		669042991F58961000751113 /* ar */ = {isa = PBXFileReference; lastKnownFileType = text.plist.strings; name = ar; path = ar.lproj/Main.strings; sourceTree = "<group>"; };
		6690429A1F58961000751113 /* ar */ = {isa = PBXFileReference; lastKnownFileType = text.plist.strings; name = ar; path = ar.lproj/LaunchScreen.strings; sourceTree = "<group>"; };
		6690429C1F58965F00751113 /* Base */ = {isa = PBXFileReference; lastKnownFileType = text.plist.strings; name = Base; path = Base.lproj/Localization.strings; sourceTree = "<group>"; };
		6690429E1F58966200751113 /* ar */ = {isa = PBXFileReference; lastKnownFileType = text.plist.strings; name = ar; path = ar.lproj/Localization.strings; sourceTree = "<group>"; };
		66C01B631F54CC4700DB2AF4 /* SimpleTwitterClient.app */ = {isa = PBXFileReference; explicitFileType = wrapper.application; includeInIndex = 0; path = SimpleTwitterClient.app; sourceTree = BUILT_PRODUCTS_DIR; };
		66C01B661F54CC4700DB2AF4 /* AppDelegate.swift */ = {isa = PBXFileReference; lastKnownFileType = sourcecode.swift; path = AppDelegate.swift; sourceTree = "<group>"; };
		66C01B6B1F54CC4700DB2AF4 /* Base */ = {isa = PBXFileReference; lastKnownFileType = file.storyboard; name = Base; path = Base.lproj/Main.storyboard; sourceTree = "<group>"; };
		66C01B6D1F54CC4700DB2AF4 /* Assets.xcassets */ = {isa = PBXFileReference; lastKnownFileType = folder.assetcatalog; path = Assets.xcassets; sourceTree = "<group>"; };
		66C01B701F54CC4700DB2AF4 /* Base */ = {isa = PBXFileReference; lastKnownFileType = file.storyboard; name = Base; path = Base.lproj/LaunchScreen.storyboard; sourceTree = "<group>"; };
		66C01B721F54CC4700DB2AF4 /* Info.plist */ = {isa = PBXFileReference; lastKnownFileType = text.plist.xml; path = Info.plist; sourceTree = "<group>"; };
		66C01B771F54CC4700DB2AF4 /* SimpleTwitterClientTests.xctest */ = {isa = PBXFileReference; explicitFileType = wrapper.cfbundle; includeInIndex = 0; path = SimpleTwitterClientTests.xctest; sourceTree = BUILT_PRODUCTS_DIR; };
		66C01B7B1F54CC4700DB2AF4 /* SimpleTwitterClientTests.swift */ = {isa = PBXFileReference; lastKnownFileType = sourcecode.swift; path = SimpleTwitterClientTests.swift; sourceTree = "<group>"; };
		66C01B7D1F54CC4700DB2AF4 /* Info.plist */ = {isa = PBXFileReference; lastKnownFileType = text.plist.xml; path = Info.plist; sourceTree = "<group>"; };
		66C01B821F54CC4700DB2AF4 /* SimpleTwitterClientUITests.xctest */ = {isa = PBXFileReference; explicitFileType = wrapper.cfbundle; includeInIndex = 0; path = SimpleTwitterClientUITests.xctest; sourceTree = BUILT_PRODUCTS_DIR; };
		66C01B861F54CC4700DB2AF4 /* SimpleTwitterClientUITests.swift */ = {isa = PBXFileReference; lastKnownFileType = sourcecode.swift; path = SimpleTwitterClientUITests.swift; sourceTree = "<group>"; };
		66C01B881F54CC4700DB2AF4 /* Info.plist */ = {isa = PBXFileReference; lastKnownFileType = text.plist.xml; path = Info.plist; sourceTree = "<group>"; };
		66C01B941F54D54300DB2AF4 /* Default-568h@2x.png */ = {isa = PBXFileReference; lastKnownFileType = image.png; path = "Default-568h@2x.png"; sourceTree = "<group>"; };
		66C01B991F54DCCA00DB2AF4 /* LoginViewController.swift */ = {isa = PBXFileReference; fileEncoding = 4; lastKnownFileType = sourcecode.swift; name = LoginViewController.swift; path = Views/LoginViewController.swift; sourceTree = "<group>"; };
		66C01B9C1F54DD9400DB2AF4 /* R.generated.swift */ = {isa = PBXFileReference; fileEncoding = 4; lastKnownFileType = sourcecode.swift; path = R.generated.swift; sourceTree = SOURCE_ROOT; };
		66C01B9E1F54E05700DB2AF4 /* LoginViewModel.swift */ = {isa = PBXFileReference; fileEncoding = 4; lastKnownFileType = sourcecode.swift; name = LoginViewModel.swift; path = ViewModels/LoginViewModel.swift; sourceTree = "<group>"; };
		DB8C00C5574B7DC55BC46182 /* Pods-SimpleTwitterClient.release.xcconfig */ = {isa = PBXFileReference; includeInIndex = 1; lastKnownFileType = text.xcconfig; name = "Pods-SimpleTwitterClient.release.xcconfig"; path = "Pods/Target Support Files/Pods-SimpleTwitterClient/Pods-SimpleTwitterClient.release.xcconfig"; sourceTree = "<group>"; };
		FEC12A2A3983F75CCC1D4995 /* Pods-SimpleTwitterClient-SimpleTwitterClientTests.debug.xcconfig */ = {isa = PBXFileReference; includeInIndex = 1; lastKnownFileType = text.xcconfig; name = "Pods-SimpleTwitterClient-SimpleTwitterClientTests.debug.xcconfig"; path = "Pods/Target Support Files/Pods-SimpleTwitterClient-SimpleTwitterClientTests/Pods-SimpleTwitterClient-SimpleTwitterClientTests.debug.xcconfig"; sourceTree = "<group>"; };
/* End PBXFileReference section */

/* Begin PBXFrameworksBuildPhase section */
		66C01B601F54CC4700DB2AF4 /* Frameworks */ = {
			isa = PBXFrameworksBuildPhase;
			buildActionMask = 2147483647;
			files = (
				669042881F56D3F000751113 /* SafariServices.framework in Frameworks */,
				ADCF897E5A56608522B6093B /* Pods_SimpleTwitterClient.framework in Frameworks */,
			);
			runOnlyForDeploymentPostprocessing = 0;
		};
		66C01B741F54CC4700DB2AF4 /* Frameworks */ = {
			isa = PBXFrameworksBuildPhase;
			buildActionMask = 2147483647;
			files = (
				7343E82387E5716E903E2556 /* Pods_SimpleTwitterClient_SimpleTwitterClientTests.framework in Frameworks */,
			);
			runOnlyForDeploymentPostprocessing = 0;
		};
		66C01B7F1F54CC4700DB2AF4 /* Frameworks */ = {
			isa = PBXFrameworksBuildPhase;
			buildActionMask = 2147483647;
			files = (
			);
			runOnlyForDeploymentPostprocessing = 0;
		};
/* End PBXFrameworksBuildPhase section */

/* Begin PBXGroup section */
		4B63261CEEBEF565164F2197 /* Frameworks */ = {
			isa = PBXGroup;
			children = (
				669042871F56D3F000751113 /* SafariServices.framework */,
				38F558FE8FC203D2EA290AA8 /* Pods_SimpleTwitterClient.framework */,
				1A0EA2B8E4E9E2D90340FE06 /* Pods_SimpleTwitterClient_SimpleTwitterClientTests.framework */,
			);
			name = Frameworks;
			sourceTree = "<group>";
		};
		6690424D1F55C46900751113 /* Services */ = {
			isa = PBXGroup;
			children = (
				6690424E1F55C49100751113 /* API.swift */,
				669042571F561ED300751113 /* APIRouters */,
			);
			name = Services;
			sourceTree = "<group>";
		};
		669042521F55D0E200751113 /* CustomNibs */ = {
			isa = PBXGroup;
			children = (
				6690429F1F5897C600751113 /* FollowerHeader */,
			);
			name = CustomNibs;
			sourceTree = "<group>";
		};
		669042571F561ED300751113 /* APIRouters */ = {
			isa = PBXGroup;
			children = (
				669042581F561F9200751113 /* TwitterRouter.swift */,
			);
			name = APIRouters;
			sourceTree = "<group>";
		};
		6690427F1F56C8FD00751113 /* Extensions */ = {
			isa = PBXGroup;
			children = (
				669042801F56C97400751113 /* UIAlertControllerExtension.swift */,
			);
			name = Extensions;
			sourceTree = "<group>";
		};
		669042841F56CAC800751113 /* CustomCells */ = {
			isa = PBXGroup;
			children = (
				669042911F57A71200751113 /* FollowerCollectionViewCell.swift */,
				669042931F57A79600751113 /* TweetTableViewCell.swift */,
			);
			name = CustomCells;
			sourceTree = "<group>";
		};
		6690429F1F5897C600751113 /* FollowerHeader */ = {
			isa = PBXGroup;
			children = (
				669042531F55D15300751113 /* FollowerHeader.swift */,
				669042551F55D17600751113 /* FollowerHeader.xib */,
			);
			name = FollowerHeader;
			sourceTree = "<group>";
		};
		66C01B5A1F54CC4700DB2AF4 = {
			isa = PBXGroup;
			children = (
				66C01B941F54D54300DB2AF4 /* Default-568h@2x.png */,
				66C01B651F54CC4700DB2AF4 /* SimpleTwitterClient */,
				66C01B7A1F54CC4700DB2AF4 /* SimpleTwitterClientTests */,
				66C01B851F54CC4700DB2AF4 /* SimpleTwitterClientUITests */,
				66C01B641F54CC4700DB2AF4 /* Products */,
				A66A1A3375A5F2427A095C79 /* Pods */,
				4B63261CEEBEF565164F2197 /* Frameworks */,
			);
			sourceTree = "<group>";
		};
		66C01B641F54CC4700DB2AF4 /* Products */ = {
			isa = PBXGroup;
			children = (
				66C01B631F54CC4700DB2AF4 /* SimpleTwitterClient.app */,
				66C01B771F54CC4700DB2AF4 /* SimpleTwitterClientTests.xctest */,
				66C01B821F54CC4700DB2AF4 /* SimpleTwitterClientUITests.xctest */,
			);
			name = Products;
			sourceTree = "<group>";
		};
		66C01B651F54CC4700DB2AF4 /* SimpleTwitterClient */ = {
			isa = PBXGroup;
			children = (
				66C01B961F54DC1A00DB2AF4 /* Views */,
				66C01B981F54DC7300DB2AF4 /* ViewModels */,
				66C01B971F54DC3F00DB2AF4 /* Models */,
				6690424D1F55C46900751113 /* Services */,
				669042521F55D0E200751113 /* CustomNibs */,
				669042841F56CAC800751113 /* CustomCells */,
				6690427F1F56C8FD00751113 /* Extensions */,
				66C01B661F54CC4700DB2AF4 /* AppDelegate.swift */,
				66C01B6A1F54CC4700DB2AF4 /* Main.storyboard */,
				66C01B6D1F54CC4700DB2AF4 /* Assets.xcassets */,
				66C01B6F1F54CC4700DB2AF4 /* LaunchScreen.storyboard */,
				66C01B9C1F54DD9400DB2AF4 /* R.generated.swift */,
				669042501F55CB8800751113 /* Constants.swift */,
				66C01B721F54CC4700DB2AF4 /* Info.plist */,
				6690429D1F58965F00751113 /* Localization.strings */,
			);
			path = SimpleTwitterClient;
			sourceTree = "<group>";
		};
		66C01B7A1F54CC4700DB2AF4 /* SimpleTwitterClientTests */ = {
			isa = PBXGroup;
			children = (
				66C01B7B1F54CC4700DB2AF4 /* SimpleTwitterClientTests.swift */,
				66C01B7D1F54CC4700DB2AF4 /* Info.plist */,
			);
			path = SimpleTwitterClientTests;
			sourceTree = "<group>";
		};
		66C01B851F54CC4700DB2AF4 /* SimpleTwitterClientUITests */ = {
			isa = PBXGroup;
			children = (
				66C01B861F54CC4700DB2AF4 /* SimpleTwitterClientUITests.swift */,
				66C01B881F54CC4700DB2AF4 /* Info.plist */,
			);
			path = SimpleTwitterClientUITests;
			sourceTree = "<group>";
		};
		66C01B961F54DC1A00DB2AF4 /* Views */ = {
			isa = PBXGroup;
			children = (
				66C01B991F54DCCA00DB2AF4 /* LoginViewController.swift */,
				669042851F56CB2A00751113 /* FollowersViewController.swift */,
				6690428F1F56F75C00751113 /* ProfileViewController.swift */,
				669042951F588A4200751113 /* ImageViewerViewController.swift */,
			);
			name = Views;
			sourceTree = "<group>";
		};
		66C01B971F54DC3F00DB2AF4 /* Models */ = {
			isa = PBXGroup;
			children = (
				669042491F55C44800751113 /* Follower.swift */,
				6690424B1F55C45F00751113 /* Tweet.swift */,
				669042891F56E2EC00751113 /* FollowersPage.swift */,
			);
			name = Models;
			sourceTree = "<group>";
		};
		66C01B981F54DC7300DB2AF4 /* ViewModels */ = {
			isa = PBXGroup;
			children = (
				66C01B9E1F54E05700DB2AF4 /* LoginViewModel.swift */,
				6690428B1F56F65700751113 /* FollowersViewModel.swift */,
				6690428D1F56F73A00751113 /* ProfileViewModel.swift */,
				669042971F588A6700751113 /* ImageViewerViewModel.swift */,
			);
			name = ViewModels;
			sourceTree = "<group>";
		};
		A66A1A3375A5F2427A095C79 /* Pods */ = {
			isa = PBXGroup;
			children = (
				49C283F884BC9CE97122C48E /* Pods-SimpleTwitterClient.debug.xcconfig */,
				DB8C00C5574B7DC55BC46182 /* Pods-SimpleTwitterClient.release.xcconfig */,
				FEC12A2A3983F75CCC1D4995 /* Pods-SimpleTwitterClient-SimpleTwitterClientTests.debug.xcconfig */,
				108B0139865BCA17C0350215 /* Pods-SimpleTwitterClient-SimpleTwitterClientTests.release.xcconfig */,
			);
			name = Pods;
			sourceTree = "<group>";
		};
/* End PBXGroup section */

/* Begin PBXNativeTarget section */
		66C01B621F54CC4700DB2AF4 /* SimpleTwitterClient */ = {
			isa = PBXNativeTarget;
			buildConfigurationList = 66C01B8B1F54CC4700DB2AF4 /* Build configuration list for PBXNativeTarget "SimpleTwitterClient" */;
			buildPhases = (
				BEEBFF6A05D571D91D4123F0 /* [CP] Check Pods Manifest.lock */,
				66C01B9B1F54DD4600DB2AF4 /* ShellScript */,
				66C01B5F1F54CC4700DB2AF4 /* Sources */,
				66C01B601F54CC4700DB2AF4 /* Frameworks */,
				66C01B611F54CC4700DB2AF4 /* Resources */,
				C48FB49C3E5D48C4DA77E110 /* [CP] Embed Pods Frameworks */,
				DF04A60FD0E53747AABA7A38 /* [CP] Copy Pods Resources */,
			);
			buildRules = (
			);
			dependencies = (
			);
			name = SimpleTwitterClient;
			productName = SimpleTwitterClient;
			productReference = 66C01B631F54CC4700DB2AF4 /* SimpleTwitterClient.app */;
			productType = "com.apple.product-type.application";
		};
		66C01B761F54CC4700DB2AF4 /* SimpleTwitterClientTests */ = {
			isa = PBXNativeTarget;
			buildConfigurationList = 66C01B8E1F54CC4700DB2AF4 /* Build configuration list for PBXNativeTarget "SimpleTwitterClientTests" */;
			buildPhases = (
				9ACF1D37AA939D1F8F281683 /* [CP] Check Pods Manifest.lock */,
				66C01B731F54CC4700DB2AF4 /* Sources */,
				66C01B741F54CC4700DB2AF4 /* Frameworks */,
				66C01B751F54CC4700DB2AF4 /* Resources */,
				BF0FAF7E491EFBF4016DB97C /* [CP] Embed Pods Frameworks */,
				AE8CAD15E718167BB24C81E7 /* [CP] Copy Pods Resources */,
			);
			buildRules = (
			);
			dependencies = (
				66C01B791F54CC4700DB2AF4 /* PBXTargetDependency */,
			);
			name = SimpleTwitterClientTests;
			productName = SimpleTwitterClientTests;
			productReference = 66C01B771F54CC4700DB2AF4 /* SimpleTwitterClientTests.xctest */;
			productType = "com.apple.product-type.bundle.unit-test";
		};
		66C01B811F54CC4700DB2AF4 /* SimpleTwitterClientUITests */ = {
			isa = PBXNativeTarget;
			buildConfigurationList = 66C01B911F54CC4700DB2AF4 /* Build configuration list for PBXNativeTarget "SimpleTwitterClientUITests" */;
			buildPhases = (
				66C01B7E1F54CC4700DB2AF4 /* Sources */,
				66C01B7F1F54CC4700DB2AF4 /* Frameworks */,
				66C01B801F54CC4700DB2AF4 /* Resources */,
			);
			buildRules = (
			);
			dependencies = (
				66C01B841F54CC4700DB2AF4 /* PBXTargetDependency */,
			);
			name = SimpleTwitterClientUITests;
			productName = SimpleTwitterClientUITests;
			productReference = 66C01B821F54CC4700DB2AF4 /* SimpleTwitterClientUITests.xctest */;
			productType = "com.apple.product-type.bundle.ui-testing";
		};
/* End PBXNativeTarget section */

/* Begin PBXProject section */
		66C01B5B1F54CC4700DB2AF4 /* Project object */ = {
			isa = PBXProject;
			attributes = {
				LastSwiftUpdateCheck = 0830;
				LastUpgradeCheck = 0830;
				ORGANIZATIONNAME = Gawish;
				TargetAttributes = {
					66C01B621F54CC4700DB2AF4 = {
						CreatedOnToolsVersion = 8.3.3;
						ProvisioningStyle = Automatic;
					};
					66C01B761F54CC4700DB2AF4 = {
						CreatedOnToolsVersion = 8.3.3;
						ProvisioningStyle = Automatic;
						TestTargetID = 66C01B621F54CC4700DB2AF4;
					};
					66C01B811F54CC4700DB2AF4 = {
						CreatedOnToolsVersion = 8.3.3;
						ProvisioningStyle = Automatic;
						TestTargetID = 66C01B621F54CC4700DB2AF4;
					};
				};
			};
			buildConfigurationList = 66C01B5E1F54CC4700DB2AF4 /* Build configuration list for PBXProject "SimpleTwitterClient" */;
			compatibilityVersion = "Xcode 3.2";
			developmentRegion = English;
			hasScannedForEncodings = 0;
			knownRegions = (
				en,
				Base,
				ar,
			);
			mainGroup = 66C01B5A1F54CC4700DB2AF4;
			productRefGroup = 66C01B641F54CC4700DB2AF4 /* Products */;
			projectDirPath = "";
			projectRoot = "";
			targets = (
				66C01B621F54CC4700DB2AF4 /* SimpleTwitterClient */,
				66C01B761F54CC4700DB2AF4 /* SimpleTwitterClientTests */,
				66C01B811F54CC4700DB2AF4 /* SimpleTwitterClientUITests */,
			);
		};
/* End PBXProject section */

/* Begin PBXResourcesBuildPhase section */
		66C01B611F54CC4700DB2AF4 /* Resources */ = {
			isa = PBXResourcesBuildPhase;
			buildActionMask = 2147483647;
			files = (
				669042561F55D17600751113 /* FollowerHeader.xib in Resources */,
				6690429B1F58965F00751113 /* Localization.strings in Resources */,
				66C01B711F54CC4700DB2AF4 /* LaunchScreen.storyboard in Resources */,
				66C01B951F54D54300DB2AF4 /* Default-568h@2x.png in Resources */,
				66C01B6E1F54CC4700DB2AF4 /* Assets.xcassets in Resources */,
				66C01B6C1F54CC4700DB2AF4 /* Main.storyboard in Resources */,
			);
			runOnlyForDeploymentPostprocessing = 0;
		};
		66C01B751F54CC4700DB2AF4 /* Resources */ = {
			isa = PBXResourcesBuildPhase;
			buildActionMask = 2147483647;
			files = (
			);
			runOnlyForDeploymentPostprocessing = 0;
		};
		66C01B801F54CC4700DB2AF4 /* Resources */ = {
			isa = PBXResourcesBuildPhase;
			buildActionMask = 2147483647;
			files = (
			);
			runOnlyForDeploymentPostprocessing = 0;
		};
/* End PBXResourcesBuildPhase section */

/* Begin PBXShellScriptBuildPhase section */
		66C01B9B1F54DD4600DB2AF4 /* ShellScript */ = {
			isa = PBXShellScriptBuildPhase;
			buildActionMask = 2147483647;
			files = (
			);
			inputPaths = (
			);
			outputPaths = (
			);
			runOnlyForDeploymentPostprocessing = 0;
			shellPath = /bin/sh;
			shellScript = "\"$PODS_ROOT/R.swift/rswift\" \"$SRCROOT\"";
		};
		9ACF1D37AA939D1F8F281683 /* [CP] Check Pods Manifest.lock */ = {
			isa = PBXShellScriptBuildPhase;
			buildActionMask = 2147483647;
			files = (
			);
			inputPaths = (
			);
			name = "[CP] Check Pods Manifest.lock";
			outputPaths = (
			);
			runOnlyForDeploymentPostprocessing = 0;
			shellPath = /bin/sh;
			shellScript = "diff \"${PODS_ROOT}/../Podfile.lock\" \"${PODS_ROOT}/Manifest.lock\" > /dev/null\nif [[ $? != 0 ]] ; then\n    cat << EOM\nerror: The sandbox is not in sync with the Podfile.lock. Run 'pod install' or update your CocoaPods installation.\nEOM\n    exit 1\nfi\n";
			showEnvVarsInLog = 0;
		};
		AE8CAD15E718167BB24C81E7 /* [CP] Copy Pods Resources */ = {
			isa = PBXShellScriptBuildPhase;
			buildActionMask = 2147483647;
			files = (
			);
			inputPaths = (
			);
			name = "[CP] Copy Pods Resources";
			outputPaths = (
			);
			runOnlyForDeploymentPostprocessing = 0;
			shellPath = /bin/sh;
			shellScript = "\"${SRCROOT}/Pods/Target Support Files/Pods-SimpleTwitterClient-SimpleTwitterClientTests/Pods-SimpleTwitterClient-SimpleTwitterClientTests-resources.sh\"\n";
			showEnvVarsInLog = 0;
		};
		BEEBFF6A05D571D91D4123F0 /* [CP] Check Pods Manifest.lock */ = {
			isa = PBXShellScriptBuildPhase;
			buildActionMask = 2147483647;
			files = (
			);
			inputPaths = (
			);
			name = "[CP] Check Pods Manifest.lock";
			outputPaths = (
			);
			runOnlyForDeploymentPostprocessing = 0;
			shellPath = /bin/sh;
			shellScript = "diff \"${PODS_ROOT}/../Podfile.lock\" \"${PODS_ROOT}/Manifest.lock\" > /dev/null\nif [[ $? != 0 ]] ; then\n    cat << EOM\nerror: The sandbox is not in sync with the Podfile.lock. Run 'pod install' or update your CocoaPods installation.\nEOM\n    exit 1\nfi\n";
			showEnvVarsInLog = 0;
		};
		BF0FAF7E491EFBF4016DB97C /* [CP] Embed Pods Frameworks */ = {
			isa = PBXShellScriptBuildPhase;
			buildActionMask = 2147483647;
			files = (
			);
			inputPaths = (
			);
			name = "[CP] Embed Pods Frameworks";
			outputPaths = (
			);
			runOnlyForDeploymentPostprocessing = 0;
			shellPath = /bin/sh;
			shellScript = "\"${SRCROOT}/Pods/Target Support Files/Pods-SimpleTwitterClient-SimpleTwitterClientTests/Pods-SimpleTwitterClient-SimpleTwitterClientTests-frameworks.sh\"\n";
			showEnvVarsInLog = 0;
		};
		C48FB49C3E5D48C4DA77E110 /* [CP] Embed Pods Frameworks */ = {
			isa = PBXShellScriptBuildPhase;
			buildActionMask = 2147483647;
			files = (
			);
			inputPaths = (
			);
			name = "[CP] Embed Pods Frameworks";
			outputPaths = (
			);
			runOnlyForDeploymentPostprocessing = 0;
			shellPath = /bin/sh;
			shellScript = "\"${SRCROOT}/Pods/Target Support Files/Pods-SimpleTwitterClient/Pods-SimpleTwitterClient-frameworks.sh\"\n";
			showEnvVarsInLog = 0;
		};
		DF04A60FD0E53747AABA7A38 /* [CP] Copy Pods Resources */ = {
			isa = PBXShellScriptBuildPhase;
			buildActionMask = 2147483647;
			files = (
			);
			inputPaths = (
			);
			name = "[CP] Copy Pods Resources";
			outputPaths = (
			);
			runOnlyForDeploymentPostprocessing = 0;
			shellPath = /bin/sh;
			shellScript = "\"${SRCROOT}/Pods/Target Support Files/Pods-SimpleTwitterClient/Pods-SimpleTwitterClient-resources.sh\"\n";
			showEnvVarsInLog = 0;
		};
/* End PBXShellScriptBuildPhase section */

/* Begin PBXSourcesBuildPhase section */
		66C01B5F1F54CC4700DB2AF4 /* Sources */ = {
			isa = PBXSourcesBuildPhase;
			buildActionMask = 2147483647;
			files = (
				669042961F588A4200751113 /* ImageViewerViewController.swift in Sources */,
				669042861F56CB2A00751113 /* FollowersViewController.swift in Sources */,
				669042981F588A6700751113 /* ImageViewerViewModel.swift in Sources */,
				6690428A1F56E2EC00751113 /* FollowersPage.swift in Sources */,
				669042541F55D15300751113 /* FollowerHeader.swift in Sources */,
				66C01B9F1F54E05700DB2AF4 /* LoginViewModel.swift in Sources */,
				6690424A1F55C44800751113 /* Follower.swift in Sources */,
				66C01B9A1F54DCCA00DB2AF4 /* LoginViewController.swift in Sources */,
				669042901F56F75C00751113 /* ProfileViewController.swift in Sources */,
				6690424C1F55C45F00751113 /* Tweet.swift in Sources */,
				669042921F57A71200751113 /* FollowerCollectionViewCell.swift in Sources */,
				66C01B671F54CC4700DB2AF4 /* AppDelegate.swift in Sources */,
				669042591F561F9200751113 /* TwitterRouter.swift in Sources */,
				669042941F57A79600751113 /* TweetTableViewCell.swift in Sources */,
				6690428E1F56F73A00751113 /* ProfileViewModel.swift in Sources */,
				669042811F56C97400751113 /* UIAlertControllerExtension.swift in Sources */,
				6690428C1F56F65700751113 /* FollowersViewModel.swift in Sources */,
				66C01B9D1F54DD9400DB2AF4 /* R.generated.swift in Sources */,
				6690424F1F55C49100751113 /* API.swift in Sources */,
				669042511F55CB8800751113 /* Constants.swift in Sources */,
			);
			runOnlyForDeploymentPostprocessing = 0;
		};
		66C01B731F54CC4700DB2AF4 /* Sources */ = {
			isa = PBXSourcesBuildPhase;
			buildActionMask = 2147483647;
			files = (
				66C01B7C1F54CC4700DB2AF4 /* SimpleTwitterClientTests.swift in Sources */,
			);
			runOnlyForDeploymentPostprocessing = 0;
		};
		66C01B7E1F54CC4700DB2AF4 /* Sources */ = {
			isa = PBXSourcesBuildPhase;
			buildActionMask = 2147483647;
			files = (
				66C01B871F54CC4700DB2AF4 /* SimpleTwitterClientUITests.swift in Sources */,
			);
			runOnlyForDeploymentPostprocessing = 0;
		};
/* End PBXSourcesBuildPhase section */

/* Begin PBXTargetDependency section */
		66C01B791F54CC4700DB2AF4 /* PBXTargetDependency */ = {
			isa = PBXTargetDependency;
			target = 66C01B621F54CC4700DB2AF4 /* SimpleTwitterClient */;
			targetProxy = 66C01B781F54CC4700DB2AF4 /* PBXContainerItemProxy */;
		};
		66C01B841F54CC4700DB2AF4 /* PBXTargetDependency */ = {
			isa = PBXTargetDependency;
			target = 66C01B621F54CC4700DB2AF4 /* SimpleTwitterClient */;
			targetProxy = 66C01B831F54CC4700DB2AF4 /* PBXContainerItemProxy */;
		};
/* End PBXTargetDependency section */

/* Begin PBXVariantGroup section */
		6690429D1F58965F00751113 /* Localization.strings */ = {
			isa = PBXVariantGroup;
			children = (
				6690429C1F58965F00751113 /* Base */,
				6690429E1F58966200751113 /* ar */,
			);
			name = Localization.strings;
			sourceTree = "<group>";
		};
		66C01B6A1F54CC4700DB2AF4 /* Main.storyboard */ = {
			isa = PBXVariantGroup;
			children = (
				66C01B6B1F54CC4700DB2AF4 /* Base */,
				669042991F58961000751113 /* ar */,
			);
			name = Main.storyboard;
			sourceTree = "<group>";
		};
		66C01B6F1F54CC4700DB2AF4 /* LaunchScreen.storyboard */ = {
			isa = PBXVariantGroup;
			children = (
				66C01B701F54CC4700DB2AF4 /* Base */,
				6690429A1F58961000751113 /* ar */,
			);
			name = LaunchScreen.storyboard;
			sourceTree = "<group>";
		};
/* End PBXVariantGroup section */

/* Begin XCBuildConfiguration section */
		66C01B891F54CC4700DB2AF4 /* Debug */ = {
			isa = XCBuildConfiguration;
			buildSettings = {
				ALWAYS_SEARCH_USER_PATHS = NO;
				CLANG_ANALYZER_LOCALIZABILITY_NONLOCALIZED = YES;
				CLANG_ANALYZER_NONNULL = YES;
				CLANG_ANALYZER_NUMBER_OBJECT_CONVERSION = YES_AGGRESSIVE;
				CLANG_CXX_LANGUAGE_STANDARD = "gnu++0x";
				CLANG_CXX_LIBRARY = "libc++";
				CLANG_ENABLE_MODULES = YES;
				CLANG_ENABLE_OBJC_ARC = YES;
				CLANG_WARN_BOOL_CONVERSION = YES;
				CLANG_WARN_CONSTANT_CONVERSION = YES;
				CLANG_WARN_DIRECT_OBJC_ISA_USAGE = YES_ERROR;
				CLANG_WARN_DOCUMENTATION_COMMENTS = YES;
				CLANG_WARN_EMPTY_BODY = YES;
				CLANG_WARN_ENUM_CONVERSION = YES;
				CLANG_WARN_INFINITE_RECURSION = YES;
				CLANG_WARN_INT_CONVERSION = YES;
				CLANG_WARN_OBJC_ROOT_CLASS = YES_ERROR;
				CLANG_WARN_SUSPICIOUS_MOVE = YES;
				CLANG_WARN_UNREACHABLE_CODE = YES;
				CLANG_WARN__DUPLICATE_METHOD_MATCH = YES;
				"CODE_SIGN_IDENTITY[sdk=iphoneos*]" = "iPhone Developer";
				COPY_PHASE_STRIP = NO;
				DEBUG_INFORMATION_FORMAT = dwarf;
				ENABLE_STRICT_OBJC_MSGSEND = YES;
				ENABLE_TESTABILITY = YES;
				GCC_C_LANGUAGE_STANDARD = gnu99;
				GCC_DYNAMIC_NO_PIC = NO;
				GCC_NO_COMMON_BLOCKS = YES;
				GCC_OPTIMIZATION_LEVEL = 0;
				GCC_PREPROCESSOR_DEFINITIONS = (
					"DEBUG=1",
					"$(inherited)",
				);
				GCC_WARN_64_TO_32_BIT_CONVERSION = YES;
				GCC_WARN_ABOUT_RETURN_TYPE = YES_ERROR;
				GCC_WARN_UNDECLARED_SELECTOR = YES;
				GCC_WARN_UNINITIALIZED_AUTOS = YES_AGGRESSIVE;
				GCC_WARN_UNUSED_FUNCTION = YES;
				GCC_WARN_UNUSED_VARIABLE = YES;
				IPHONEOS_DEPLOYMENT_TARGET = 10.3;
				MTL_ENABLE_DEBUG_INFO = YES;
				ONLY_ACTIVE_ARCH = YES;
				SDKROOT = iphoneos;
				SWIFT_ACTIVE_COMPILATION_CONDITIONS = DEBUG;
				SWIFT_OPTIMIZATION_LEVEL = "-Onone";
			};
			name = Debug;
		};
		66C01B8A1F54CC4700DB2AF4 /* Release */ = {
			isa = XCBuildConfiguration;
			buildSettings = {
				ALWAYS_SEARCH_USER_PATHS = NO;
				CLANG_ANALYZER_LOCALIZABILITY_NONLOCALIZED = YES;
				CLANG_ANALYZER_NONNULL = YES;
				CLANG_ANALYZER_NUMBER_OBJECT_CONVERSION = YES_AGGRESSIVE;
				CLANG_CXX_LANGUAGE_STANDARD = "gnu++0x";
				CLANG_CXX_LIBRARY = "libc++";
				CLANG_ENABLE_MODULES = YES;
				CLANG_ENABLE_OBJC_ARC = YES;
				CLANG_WARN_BOOL_CONVERSION = YES;
				CLANG_WARN_CONSTANT_CONVERSION = YES;
				CLANG_WARN_DIRECT_OBJC_ISA_USAGE = YES_ERROR;
				CLANG_WARN_DOCUMENTATION_COMMENTS = YES;
				CLANG_WARN_EMPTY_BODY = YES;
				CLANG_WARN_ENUM_CONVERSION = YES;
				CLANG_WARN_INFINITE_RECURSION = YES;
				CLANG_WARN_INT_CONVERSION = YES;
				CLANG_WARN_OBJC_ROOT_CLASS = YES_ERROR;
				CLANG_WARN_SUSPICIOUS_MOVE = YES;
				CLANG_WARN_UNREACHABLE_CODE = YES;
				CLANG_WARN__DUPLICATE_METHOD_MATCH = YES;
				"CODE_SIGN_IDENTITY[sdk=iphoneos*]" = "iPhone Developer";
				COPY_PHASE_STRIP = NO;
				DEBUG_INFORMATION_FORMAT = "dwarf-with-dsym";
				ENABLE_NS_ASSERTIONS = NO;
				ENABLE_STRICT_OBJC_MSGSEND = YES;
				GCC_C_LANGUAGE_STANDARD = gnu99;
				GCC_NO_COMMON_BLOCKS = YES;
				GCC_WARN_64_TO_32_BIT_CONVERSION = YES;
				GCC_WARN_ABOUT_RETURN_TYPE = YES_ERROR;
				GCC_WARN_UNDECLARED_SELECTOR = YES;
				GCC_WARN_UNINITIALIZED_AUTOS = YES_AGGRESSIVE;
				GCC_WARN_UNUSED_FUNCTION = YES;
				GCC_WARN_UNUSED_VARIABLE = YES;
				IPHONEOS_DEPLOYMENT_TARGET = 10.3;
				MTL_ENABLE_DEBUG_INFO = NO;
				SDKROOT = iphoneos;
				SWIFT_OPTIMIZATION_LEVEL = "-Owholemodule";
				VALIDATE_PRODUCT = YES;
			};
			name = Release;
		};
		66C01B8C1F54CC4700DB2AF4 /* Debug */ = {
			isa = XCBuildConfiguration;
			baseConfigurationReference = 49C283F884BC9CE97122C48E /* Pods-SimpleTwitterClient.debug.xcconfig */;
			buildSettings = {
				ALWAYS_EMBED_SWIFT_STANDARD_LIBRARIES = YES;
				ASSETCATALOG_COMPILER_APPICON_NAME = AppIcon;
				INFOPLIST_FILE = SimpleTwitterClient/Info.plist;
				LD_RUNPATH_SEARCH_PATHS = "$(inherited) @executable_path/Frameworks";
				PRODUCT_BUNDLE_IDENTIFIER = com.gawish.SimpleTwitterClient;
				PRODUCT_NAME = "$(TARGET_NAME)";
				SWIFT_VERSION = 3.0;
			};
			name = Debug;
		};
		66C01B8D1F54CC4700DB2AF4 /* Release */ = {
			isa = XCBuildConfiguration;
			baseConfigurationReference = DB8C00C5574B7DC55BC46182 /* Pods-SimpleTwitterClient.release.xcconfig */;
			buildSettings = {
				ALWAYS_EMBED_SWIFT_STANDARD_LIBRARIES = YES;
				ASSETCATALOG_COMPILER_APPICON_NAME = AppIcon;
				INFOPLIST_FILE = SimpleTwitterClient/Info.plist;
				LD_RUNPATH_SEARCH_PATHS = "$(inherited) @executable_path/Frameworks";
				PRODUCT_BUNDLE_IDENTIFIER = com.gawish.SimpleTwitterClient;
				PRODUCT_NAME = "$(TARGET_NAME)";
				SWIFT_VERSION = 3.0;
			};
			name = Release;
		};
		66C01B8F1F54CC4700DB2AF4 /* Debug */ = {
			isa = XCBuildConfiguration;
			baseConfigurationReference = FEC12A2A3983F75CCC1D4995 /* Pods-SimpleTwitterClient-SimpleTwitterClientTests.debug.xcconfig */;
			buildSettings = {
				ALWAYS_EMBED_SWIFT_STANDARD_LIBRARIES = YES;
				BUNDLE_LOADER = "$(TEST_HOST)";
				INFOPLIST_FILE = SimpleTwitterClientTests/Info.plist;
				LD_RUNPATH_SEARCH_PATHS = "$(inherited) @executable_path/Frameworks @loader_path/Frameworks";
				PRODUCT_BUNDLE_IDENTIFIER = com.gawish.SimpleTwitterClientTests;
				PRODUCT_NAME = "$(TARGET_NAME)";
				SWIFT_VERSION = 3.0;
				TEST_HOST = "$(BUILT_PRODUCTS_DIR)/SimpleTwitterClient.app/SimpleTwitterClient";
			};
			name = Debug;
		};
		66C01B901F54CC4700DB2AF4 /* Release */ = {
			isa = XCBuildConfiguration;
			baseConfigurationReference = 108B0139865BCA17C0350215 /* Pods-SimpleTwitterClient-SimpleTwitterClientTests.release.xcconfig */;
			buildSettings = {
				ALWAYS_EMBED_SWIFT_STANDARD_LIBRARIES = YES;
				BUNDLE_LOADER = "$(TEST_HOST)";
				INFOPLIST_FILE = SimpleTwitterClientTests/Info.plist;
				LD_RUNPATH_SEARCH_PATHS = "$(inherited) @executable_path/Frameworks @loader_path/Frameworks";
				PRODUCT_BUNDLE_IDENTIFIER = com.gawish.SimpleTwitterClientTests;
				PRODUCT_NAME = "$(TARGET_NAME)";
				SWIFT_VERSION = 3.0;
				TEST_HOST = "$(BUILT_PRODUCTS_DIR)/SimpleTwitterClient.app/SimpleTwitterClient";
			};
			name = Release;
		};
		66C01B921F54CC4700DB2AF4 /* Debug */ = {
			isa = XCBuildConfiguration;
			buildSettings = {
				ALWAYS_EMBED_SWIFT_STANDARD_LIBRARIES = YES;
				INFOPLIST_FILE = SimpleTwitterClientUITests/Info.plist;
				LD_RUNPATH_SEARCH_PATHS = "$(inherited) @executable_path/Frameworks @loader_path/Frameworks";
				PRODUCT_BUNDLE_IDENTIFIER = com.gawish.SimpleTwitterClientUITests;
				PRODUCT_NAME = "$(TARGET_NAME)";
				SWIFT_VERSION = 3.0;
				TEST_TARGET_NAME = SimpleTwitterClient;
			};
			name = Debug;
		};
		66C01B931F54CC4700DB2AF4 /* Release */ = {
			isa = XCBuildConfiguration;
			buildSettings = {
				ALWAYS_EMBED_SWIFT_STANDARD_LIBRARIES = YES;
				INFOPLIST_FILE = SimpleTwitterClientUITests/Info.plist;
				LD_RUNPATH_SEARCH_PATHS = "$(inherited) @executable_path/Frameworks @loader_path/Frameworks";
				PRODUCT_BUNDLE_IDENTIFIER = com.gawish.SimpleTwitterClientUITests;
				PRODUCT_NAME = "$(TARGET_NAME)";
				SWIFT_VERSION = 3.0;
				TEST_TARGET_NAME = SimpleTwitterClient;
			};
			name = Release;
		};
/* End XCBuildConfiguration section */

/* Begin XCConfigurationList section */
		66C01B5E1F54CC4700DB2AF4 /* Build configuration list for PBXProject "SimpleTwitterClient" */ = {
			isa = XCConfigurationList;
			buildConfigurations = (
				66C01B891F54CC4700DB2AF4 /* Debug */,
				66C01B8A1F54CC4700DB2AF4 /* Release */,
			);
			defaultConfigurationIsVisible = 0;
			defaultConfigurationName = Release;
		};
		66C01B8B1F54CC4700DB2AF4 /* Build configuration list for PBXNativeTarget "SimpleTwitterClient" */ = {
			isa = XCConfigurationList;
			buildConfigurations = (
				66C01B8C1F54CC4700DB2AF4 /* Debug */,
				66C01B8D1F54CC4700DB2AF4 /* Release */,
			);
			defaultConfigurationIsVisible = 0;
			defaultConfigurationName = Release;
		};
		66C01B8E1F54CC4700DB2AF4 /* Build configuration list for PBXNativeTarget "SimpleTwitterClientTests" */ = {
			isa = XCConfigurationList;
			buildConfigurations = (
				66C01B8F1F54CC4700DB2AF4 /* Debug */,
				66C01B901F54CC4700DB2AF4 /* Release */,
			);
			defaultConfigurationIsVisible = 0;
			defaultConfigurationName = Release;
		};
		66C01B911F54CC4700DB2AF4 /* Build configuration list for PBXNativeTarget "SimpleTwitterClientUITests" */ = {
			isa = XCConfigurationList;
			buildConfigurations = (
				66C01B921F54CC4700DB2AF4 /* Debug */,
				66C01B931F54CC4700DB2AF4 /* Release */,
			);
			defaultConfigurationIsVisible = 0;
			defaultConfigurationName = Release;
		};
/* End XCConfigurationList section */
	};
	rootObject = 66C01B5B1F54CC4700DB2AF4 /* Project object */;
}
