// !$*UTF8*$!
{
	archiveVersion = 1;
	classes = {
	};
	objectVersion = 46;
	objects = {

/* Begin PBXBuildFile section */
		66C01B671F54CC4700DB2AF4 /* AppDelegate.swift in Sources */ = {isa = PBXBuildFile; fileRef = 66C01B661F54CC4700DB2AF4 /* AppDelegate.swift */; };
		66C01B691F54CC4700DB2AF4 /* ViewController.swift in Sources */ = {isa = PBXBuildFile; fileRef = 66C01B681F54CC4700DB2AF4 /* ViewController.swift */; };
		66C01B6C1F54CC4700DB2AF4 /* Main.storyboard in Resources */ = {isa = PBXBuildFile; fileRef = 66C01B6A1F54CC4700DB2AF4 /* Main.storyboard */; };
		66C01B6E1F54CC4700DB2AF4 /* Assets.xcassets in Resources */ = {isa = PBXBuildFile; fileRef = 66C01B6D1F54CC4700DB2AF4 /* Assets.xcassets */; };
		66C01B711F54CC4700DB2AF4 /* LaunchScreen.storyboard in Resources */ = {isa = PBXBuildFile; fileRef = 66C01B6F1F54CC4700DB2AF4 /* LaunchScreen.storyboard */; };
		66C01B7C1F54CC4700DB2AF4 /* SimpleTwitterClientTests.swift in Sources */ = {isa = PBXBuildFile; fileRef = 66C01B7B1F54CC4700DB2AF4 /* SimpleTwitterClientTests.swift */; };
		66C01B871F54CC4700DB2AF4 /* SimpleTwitterClientUITests.swift in Sources */ = {isa = PBXBuildFile; fileRef = 66C01B861F54CC4700DB2AF4 /* SimpleTwitterClientUITests.swift */; };
/* End PBXBuildFile section */

/* Begin PBXContainerItemProxy section */
		66C01B781F54CC4700DB2AF4 /* PBXContainerItemProxy */ = {
			isa = PBXContainerItemProxy;
			containerPortal = 66C01B5B1F54CC4700DB2AF4 /* Project object */;
			proxyType = 1;
			remoteGlobalIDString = 66C01B621F54CC4700DB2AF4;
			remoteInfo = SimpleTwitterClient;
		};
		66C01B831F54CC4700DB2AF4 /* PBXContainerItemProxy */ = {
			isa = PBXContainerItemProxy;
			containerPortal = 66C01B5B1F54CC4700DB2AF4 /* Project object */;
			proxyType = 1;
			remoteGlobalIDString = 66C01B621F54CC4700DB2AF4;
			remoteInfo = SimpleTwitterClient;
		};
/* End PBXContainerItemProxy section */

/* Begin PBXFileReference section */
		66C01B631F54CC4700DB2AF4 /* SimpleTwitterClient.app */ = {isa = PBXFileReference; explicitFileType = wrapper.application; includeInIndex = 0; path = SimpleTwitterClient.app; sourceTree = BUILT_PRODUCTS_DIR; };
		66C01B661F54CC4700DB2AF4 /* AppDelegate.swift */ = {isa = PBXFileReference; lastKnownFileType = sourcecode.swift; path = AppDelegate.swift; sourceTree = "<group>"; };
		66C01B681F54CC4700DB2AF4 /* ViewController.swift */ = {isa = PBXFileReference; lastKnownFileType = sourcecode.swift; path = ViewController.swift; sourceTree = "<group>"; };
		66C01B6B1F54CC4700DB2AF4 /* Base */ = {isa = PBXFileReference; lastKnownFileType = file.storyboard; name = Base; path = Base.lproj/Main.storyboard; sourceTree = "<group>"; };
		66C01B6D1F54CC4700DB2AF4 /* Assets.xcassets */ = {isa = PBXFileReference; lastKnownFileType = folder.assetcatalog; path = Assets.xcassets; sourceTree = "<group>"; };
		66C01B701F54CC4700DB2AF4 /* Base */ = {isa = PBXFileReference; lastKnownFileType = file.storyboard; name = Base; path = Base.lproj/LaunchScreen.storyboard; sourceTree = "<group>"; };
		66C01B721F54CC4700DB2AF4 /* Info.plist */ = {isa = PBXFileReference; lastKnownFileType = text.plist.xml; path = Info.plist; sourceTree = "<group>"; };
		66C01B771F54CC4700DB2AF4 /* SimpleTwitterClientTests.xctest */ = {isa = PBXFileReference; explicitFileType = wrapper.cfbundle; includeInIndex = 0; path = SimpleTwitterClientTests.xctest; sourceTree = BUILT_PRODUCTS_DIR; };
		66C01B7B1F54CC4700DB2AF4 /* SimpleTwitterClientTests.swift */ = {isa = PBXFileReference; lastKnownFileType = sourcecode.swift; path = SimpleTwitterClientTests.swift; sourceTree = "<group>"; };
		66C01B7D1F54CC4700DB2AF4 /* Info.plist */ = {isa = PBXFileReference; lastKnownFileType = text.plist.xml; path = Info.plist; sourceTree = "<group>"; };
		66C01B821F54CC4700DB2AF4 /* SimpleTwitterClientUITests.xctest */ = {isa = PBXFileReference; explicitFileType = wrapper.cfbundle; includeInIndex = 0; path = SimpleTwitterClientUITests.xctest; sourceTree = BUILT_PRODUCTS_DIR; };
		66C01B861F54CC4700DB2AF4 /* SimpleTwitterClientUITests.swift */ = {isa = PBXFileReference; lastKnownFileType = sourcecode.swift; path = SimpleTwitterClientUITests.swift; sourceTree = "<group>"; };
		66C01B881F54CC4700DB2AF4 /* Info.plist */ = {isa = PBXFileReference; lastKnownFileType = text.plist.xml; path = Info.plist; sourceTree = "<group>"; };
/* End PBXFileReference section */

/* Begin PBXFrameworksBuildPhase section */
		66C01B601F54CC4700DB2AF4 /* Frameworks */ = {
			isa = PBXFrameworksBuildPhase;
			buildActionMask = 2147483647;
			files = (
			);
			runOnlyForDeploymentPostprocessing = 0;
		};
		66C01B741F54CC4700DB2AF4 /* Frameworks */ = {
			isa = PBXFrameworksBuildPhase;
			buildActionMask = 2147483647;
			files = (
			);
			runOnlyForDeploymentPostprocessing = 0;
		};
		66C01B7F1F54CC4700DB2AF4 /* Frameworks */ = {
			isa = PBXFrameworksBuildPhase;
			buildActionMask = 2147483647;
			files = (
			);
			runOnlyForDeploymentPostprocessing = 0;
		};
/* End PBXFrameworksBuildPhase section */

/* Begin PBXGroup section */
		66C01B5A1F54CC4700DB2AF4 = {
			isa = PBXGroup;
			children = (
				66C01B651F54CC4700DB2AF4 /* SimpleTwitterClient */,
				66C01B7A1F54CC4700DB2AF4 /* SimpleTwitterClientTests */,
				66C01B851F54CC4700DB2AF4 /* SimpleTwitterClientUITests */,
				66C01B641F54CC4700DB2AF4 /* Products */,
			);
			sourceTree = "<group>";
		};
		66C01B641F54CC4700DB2AF4 /* Products */ = {
			isa = PBXGroup;
			children = (
				66C01B631F54CC4700DB2AF4 /* SimpleTwitterClient.app */,
				66C01B771F54CC4700DB2AF4 /* SimpleTwitterClientTests.xctest */,
				66C01B821F54CC4700DB2AF4 /* SimpleTwitterClientUITests.xctest */,
			);
			name = Products;
			sourceTree = "<group>";
		};
		66C01B651F54CC4700DB2AF4 /* SimpleTwitterClient */ = {
			isa = PBXGroup;
			children = (
				66C01B661F54CC4700DB2AF4 /* AppDelegate.swift */,
				66C01B681F54CC4700DB2AF4 /* ViewController.swift */,
				66C01B6A1F54CC4700DB2AF4 /* Main.storyboard */,
				66C01B6D1F54CC4700DB2AF4 /* Assets.xcassets */,
				66C01B6F1F54CC4700DB2AF4 /* LaunchScreen.storyboard */,
				66C01B721F54CC4700DB2AF4 /* Info.plist */,
			);
			path = SimpleTwitterClient;
			sourceTree = "<group>";
		};
		66C01B7A1F54CC4700DB2AF4 /* SimpleTwitterClientTests */ = {
			isa = PBXGroup;
			children = (
				66C01B7B1F54CC4700DB2AF4 /* SimpleTwitterClientTests.swift */,
				66C01B7D1F54CC4700DB2AF4 /* Info.plist */,
			);
			path = SimpleTwitterClientTests;
			sourceTree = "<group>";
		};
		66C01B851F54CC4700DB2AF4 /* SimpleTwitterClientUITests */ = {
			isa = PBXGroup;
			children = (
				66C01B861F54CC4700DB2AF4 /* SimpleTwitterClientUITests.swift */,
				66C01B881F54CC4700DB2AF4 /* Info.plist */,
			);
			path = SimpleTwitterClientUITests;
			sourceTree = "<group>";
		};
/* End PBXGroup section */

/* Begin PBXNativeTarget section */
		66C01B621F54CC4700DB2AF4 /* SimpleTwitterClient */ = {
			isa = PBXNativeTarget;
			buildConfigurationList = 66C01B8B1F54CC4700DB2AF4 /* Build configuration list for PBXNativeTarget "SimpleTwitterClient" */;
			buildPhases = (
				66C01B5F1F54CC4700DB2AF4 /* Sources */,
				66C01B601F54CC4700DB2AF4 /* Frameworks */,
				66C01B611F54CC4700DB2AF4 /* Resources */,
			);
			buildRules = (
			);
			dependencies = (
			);
			name = SimpleTwitterClient;
			productName = SimpleTwitterClient;
			productReference = 66C01B631F54CC4700DB2AF4 /* SimpleTwitterClient.app */;
			productType = "com.apple.product-type.application";
		};
		66C01B761F54CC4700DB2AF4 /* SimpleTwitterClientTests */ = {
			isa = PBXNativeTarget;
			buildConfigurationList = 66C01B8E1F54CC4700DB2AF4 /* Build configuration list for PBXNativeTarget "SimpleTwitterClientTests" */;
			buildPhases = (
				66C01B731F54CC4700DB2AF4 /* Sources */,
				66C01B741F54CC4700DB2AF4 /* Frameworks */,
				66C01B751F54CC4700DB2AF4 /* Resources */,
			);
			buildRules = (
			);
			dependencies = (
				66C01B791F54CC4700DB2AF4 /* PBXTargetDependency */,
			);
			name = SimpleTwitterClientTests;
			productName = SimpleTwitterClientTests;
			productReference = 66C01B771F54CC4700DB2AF4 /* SimpleTwitterClientTests.xctest */;
			productType = "com.apple.product-type.bundle.unit-test";
		};
		66C01B811F54CC4700DB2AF4 /* SimpleTwitterClientUITests */ = {
			isa = PBXNativeTarget;
			buildConfigurationList = 66C01B911F54CC4700DB2AF4 /* Build configuration list for PBXNativeTarget "SimpleTwitterClientUITests" */;
			buildPhases = (
				66C01B7E1F54CC4700DB2AF4 /* Sources */,
				66C01B7F1F54CC4700DB2AF4 /* Frameworks */,
				66C01B801F54CC4700DB2AF4 /* Resources */,
			);
			buildRules = (
			);
			dependencies = (
				66C01B841F54CC4700DB2AF4 /* PBXTargetDependency */,
			);
			name = SimpleTwitterClientUITests;
			productName = SimpleTwitterClientUITests;
			productReference = 66C01B821F54CC4700DB2AF4 /* SimpleTwitterClientUITests.xctest */;
			productType = "com.apple.product-type.bundle.ui-testing";
		};
/* End PBXNativeTarget section */

/* Begin PBXProject section */
		66C01B5B1F54CC4700DB2AF4 /* Project object */ = {
			isa = PBXProject;
			attributes = {
				LastSwiftUpdateCheck = 0830;
				LastUpgradeCheck = 0830;
				ORGANIZATIONNAME = Gawish;
				TargetAttributes = {
					66C01B621F54CC4700DB2AF4 = {
						CreatedOnToolsVersion = 8.3.3;
						ProvisioningStyle = Automatic;
					};
					66C01B761F54CC4700DB2AF4 = {
						CreatedOnToolsVersion = 8.3.3;
						ProvisioningStyle = Automatic;
						TestTargetID = 66C01B621F54CC4700DB2AF4;
					};
					66C01B811F54CC4700DB2AF4 = {
						CreatedOnToolsVersion = 8.3.3;
						ProvisioningStyle = Automatic;
						TestTargetID = 66C01B621F54CC4700DB2AF4;
					};
				};
			};
			buildConfigurationList = 66C01B5E1F54CC4700DB2AF4 /* Build configuration list for PBXProject "SimpleTwitterClient" */;
			compatibilityVersion = "Xcode 3.2";
			developmentRegion = English;
			hasScannedForEncodings = 0;
			knownRegions = (
				en,
				Base,
			);
			mainGroup = 66C01B5A1F54CC4700DB2AF4;
			productRefGroup = 66C01B641F54CC4700DB2AF4 /* Products */;
			projectDirPath = "";
			projectRoot = "";
			targets = (
				66C01B621F54CC4700DB2AF4 /* SimpleTwitterClient */,
				66C01B761F54CC4700DB2AF4 /* SimpleTwitterClientTests */,
				66C01B811F54CC4700DB2AF4 /* SimpleTwitterClientUITests */,
			);
		};
/* End PBXProject section */

/* Begin PBXResourcesBuildPhase section */
		66C01B611F54CC4700DB2AF4 /* Resources */ = {
			isa = PBXResourcesBuildPhase;
			buildActionMask = 2147483647;
			files = (
				66C01B711F54CC4700DB2AF4 /* LaunchScreen.storyboard in Resources */,
				66C01B6E1F54CC4700DB2AF4 /* Assets.xcassets in Resources */,
				66C01B6C1F54CC4700DB2AF4 /* Main.storyboard in Resources */,
			);
			runOnlyForDeploymentPostprocessing = 0;
		};
		66C01B751F54CC4700DB2AF4 /* Resources */ = {
			isa = PBXResourcesBuildPhase;
			buildActionMask = 2147483647;
			files = (
			);
			runOnlyForDeploymentPostprocessing = 0;
		};
		66C01B801F54CC4700DB2AF4 /* Resources */ = {
			isa = PBXResourcesBuildPhase;
			buildActionMask = 2147483647;
			files = (
			);
			runOnlyForDeploymentPostprocessing = 0;
		};
/* End PBXResourcesBuildPhase section */

/* Begin PBXSourcesBuildPhase section */
		66C01B5F1F54CC4700DB2AF4 /* Sources */ = {
			isa = PBXSourcesBuildPhase;
			buildActionMask = 2147483647;
			files = (
				66C01B691F54CC4700DB2AF4 /* ViewController.swift in Sources */,
				66C01B671F54CC4700DB2AF4 /* AppDelegate.swift in Sources */,
			);
			runOnlyForDeploymentPostprocessing = 0;
		};
		66C01B731F54CC4700DB2AF4 /* Sources */ = {
			isa = PBXSourcesBuildPhase;
			buildActionMask = 2147483647;
			files = (
				66C01B7C1F54CC4700DB2AF4 /* SimpleTwitterClientTests.swift in Sources */,
			);
			runOnlyForDeploymentPostprocessing = 0;
		};
		66C01B7E1F54CC4700DB2AF4 /* Sources */ = {
			isa = PBXSourcesBuildPhase;
			buildActionMask = 2147483647;
			files = (
				66C01B871F54CC4700DB2AF4 /* SimpleTwitterClientUITests.swift in Sources */,
			);
			runOnlyForDeploymentPostprocessing = 0;
		};
/* End PBXSourcesBuildPhase section */

/* Begin PBXTargetDependency section */
		66C01B791F54CC4700DB2AF4 /* PBXTargetDependency */ = {
			isa = PBXTargetDependency;
			target = 66C01B621F54CC4700DB2AF4 /* SimpleTwitterClient */;
			targetProxy = 66C01B781F54CC4700DB2AF4 /* PBXContainerItemProxy */;
		};
		66C01B841F54CC4700DB2AF4 /* PBXTargetDependency */ = {
			isa = PBXTargetDependency;
			target = 66C01B621F54CC4700DB2AF4 /* SimpleTwitterClient */;
			targetProxy = 66C01B831F54CC4700DB2AF4 /* PBXContainerItemProxy */;
		};
/* End PBXTargetDependency section */

/* Begin PBXVariantGroup section */
		66C01B6A1F54CC4700DB2AF4 /* Main.storyboard */ = {
			isa = PBXVariantGroup;
			children = (
				66C01B6B1F54CC4700DB2AF4 /* Base */,
			);
			name = Main.storyboard;
			sourceTree = "<group>";
		};
		66C01B6F1F54CC4700DB2AF4 /* LaunchScreen.storyboard */ = {
			isa = PBXVariantGroup;
			children = (
				66C01B701F54CC4700DB2AF4 /* Base */,
			);
			name = LaunchScreen.storyboard;
			sourceTree = "<group>";
		};
/* End PBXVariantGroup section */

/* Begin XCBuildConfiguration section */
		66C01B891F54CC4700DB2AF4 /* Debug */ = {
			isa = XCBuildConfiguration;
			buildSettings = {
				ALWAYS_SEARCH_USER_PATHS = NO;
				CLANG_ANALYZER_NONNULL = YES;
				CLANG_ANALYZER_NUMBER_OBJECT_CONVERSION = YES_AGGRESSIVE;
				CLANG_CXX_LANGUAGE_STANDARD = "gnu++0x";
				CLANG_CXX_LIBRARY = "libc++";
				CLANG_ENABLE_MODULES = YES;
				CLANG_ENABLE_OBJC_ARC = YES;
				CLANG_WARN_BOOL_CONVERSION = YES;
				CLANG_WARN_CONSTANT_CONVERSION = YES;
				CLANG_WARN_DIRECT_OBJC_ISA_USAGE = YES_ERROR;
				CLANG_WARN_DOCUMENTATION_COMMENTS = YES;
				CLANG_WARN_EMPTY_BODY = YES;
				CLANG_WARN_ENUM_CONVERSION = YES;
				CLANG_WARN_INFINITE_RECURSION = YES;
				CLANG_WARN_INT_CONVERSION = YES;
				CLANG_WARN_OBJC_ROOT_CLASS = YES_ERROR;
				CLANG_WARN_SUSPICIOUS_MOVE = YES;
				CLANG_WARN_UNREACHABLE_CODE = YES;
				CLANG_WARN__DUPLICATE_METHOD_MATCH = YES;
				"CODE_SIGN_IDENTITY[sdk=iphoneos*]" = "iPhone Developer";
				COPY_PHASE_STRIP = NO;
				DEBUG_INFORMATION_FORMAT = dwarf;
				ENABLE_STRICT_OBJC_MSGSEND = YES;
				ENABLE_TESTABILITY = YES;
				GCC_C_LANGUAGE_STANDARD = gnu99;
				GCC_DYNAMIC_NO_PIC = NO;
				GCC_NO_COMMON_BLOCKS = YES;
				GCC_OPTIMIZATION_LEVEL = 0;
				GCC_PREPROCESSOR_DEFINITIONS = (
					"DEBUG=1",
					"$(inherited)",
				);
				GCC_WARN_64_TO_32_BIT_CONVERSION = YES;
				GCC_WARN_ABOUT_RETURN_TYPE = YES_ERROR;
				GCC_WARN_UNDECLARED_SELECTOR = YES;
				GCC_WARN_UNINITIALIZED_AUTOS = YES_AGGRESSIVE;
				GCC_WARN_UNUSED_FUNCTION = YES;
				GCC_WARN_UNUSED_VARIABLE = YES;
				IPHONEOS_DEPLOYMENT_TARGET = 10.3;
				MTL_ENABLE_DEBUG_INFO = YES;
				ONLY_ACTIVE_ARCH = YES;
				SDKROOT = iphoneos;
				SWIFT_ACTIVE_COMPILATION_CONDITIONS = DEBUG;
				SWIFT_OPTIMIZATION_LEVEL = "-Onone";
			};
			name = Debug;
		};
		66C01B8A1F54CC4700DB2AF4 /* Release */ = {
			isa = XCBuildConfiguration;
			buildSettings = {
				ALWAYS_SEARCH_USER_PATHS = NO;
				CLANG_ANALYZER_NONNULL = YES;
				CLANG_ANALYZER_NUMBER_OBJECT_CONVERSION = YES_AGGRESSIVE;
				CLANG_CXX_LANGUAGE_STANDARD = "gnu++0x";
				CLANG_CXX_LIBRARY = "libc++";
				CLANG_ENABLE_MODULES = YES;
				CLANG_ENABLE_OBJC_ARC = YES;
				CLANG_WARN_BOOL_CONVERSION = YES;
				CLANG_WARN_CONSTANT_CONVERSION = YES;
				CLANG_WARN_DIRECT_OBJC_ISA_USAGE = YES_ERROR;
				CLANG_WARN_DOCUMENTATION_COMMENTS = YES;
				CLANG_WARN_EMPTY_BODY = YES;
				CLANG_WARN_ENUM_CONVERSION = YES;
				CLANG_WARN_INFINITE_RECURSION = YES;
				CLANG_WARN_INT_CONVERSION = YES;
				CLANG_WARN_OBJC_ROOT_CLASS = YES_ERROR;
				CLANG_WARN_SUSPICIOUS_MOVE = YES;
				CLANG_WARN_UNREACHABLE_CODE = YES;
				CLANG_WARN__DUPLICATE_METHOD_MATCH = YES;
				"CODE_SIGN_IDENTITY[sdk=iphoneos*]" = "iPhone Developer";
				COPY_PHASE_STRIP = NO;
				DEBUG_INFORMATION_FORMAT = "dwarf-with-dsym";
				ENABLE_NS_ASSERTIONS = NO;
				ENABLE_STRICT_OBJC_MSGSEND = YES;
				GCC_C_LANGUAGE_STANDARD = gnu99;
				GCC_NO_COMMON_BLOCKS = YES;
				GCC_WARN_64_TO_32_BIT_CONVERSION = YES;
				GCC_WARN_ABOUT_RETURN_TYPE = YES_ERROR;
				GCC_WARN_UNDECLARED_SELECTOR = YES;
				GCC_WARN_UNINITIALIZED_AUTOS = YES_AGGRESSIVE;
				GCC_WARN_UNUSED_FUNCTION = YES;
				GCC_WARN_UNUSED_VARIABLE = YES;
				IPHONEOS_DEPLOYMENT_TARGET = 10.3;
				MTL_ENABLE_DEBUG_INFO = NO;
				SDKROOT = iphoneos;
				SWIFT_OPTIMIZATION_LEVEL = "-Owholemodule";
				VALIDATE_PRODUCT = YES;
			};
			name = Release;
		};
		66C01B8C1F54CC4700DB2AF4 /* Debug */ = {
			isa = XCBuildConfiguration;
			buildSettings = {
				ASSETCATALOG_COMPILER_APPICON_NAME = AppIcon;
				INFOPLIST_FILE = SimpleTwitterClient/Info.plist;
				LD_RUNPATH_SEARCH_PATHS = "$(inherited) @executable_path/Frameworks";
				PRODUCT_BUNDLE_IDENTIFIER = com.gawish.SimpleTwitterClient;
				PRODUCT_NAME = "$(TARGET_NAME)";
				SWIFT_VERSION = 3.0;
			};
			name = Debug;
		};
		66C01B8D1F54CC4700DB2AF4 /* Release */ = {
			isa = XCBuildConfiguration;
			buildSettings = {
				ASSETCATALOG_COMPILER_APPICON_NAME = AppIcon;
				INFOPLIST_FILE = SimpleTwitterClient/Info.plist;
				LD_RUNPATH_SEARCH_PATHS = "$(inherited) @executable_path/Frameworks";
				PRODUCT_BUNDLE_IDENTIFIER = com.gawish.SimpleTwitterClient;
				PRODUCT_NAME = "$(TARGET_NAME)";
				SWIFT_VERSION = 3.0;
			};
			name = Release;
		};
		66C01B8F1F54CC4700DB2AF4 /* Debug */ = {
			isa = XCBuildConfiguration;
			buildSettings = {
				ALWAYS_EMBED_SWIFT_STANDARD_LIBRARIES = YES;
				BUNDLE_LOADER = "$(TEST_HOST)";
				INFOPLIST_FILE = SimpleTwitterClientTests/Info.plist;
				LD_RUNPATH_SEARCH_PATHS = "$(inherited) @executable_path/Frameworks @loader_path/Frameworks";
				PRODUCT_BUNDLE_IDENTIFIER = com.gawish.SimpleTwitterClientTests;
				PRODUCT_NAME = "$(TARGET_NAME)";
				SWIFT_VERSION = 3.0;
				TEST_HOST = "$(BUILT_PRODUCTS_DIR)/SimpleTwitterClient.app/SimpleTwitterClient";
			};
			name = Debug;
		};
		66C01B901F54CC4700DB2AF4 /* Release */ = {
			isa = XCBuildConfiguration;
			buildSettings = {
				ALWAYS_EMBED_SWIFT_STANDARD_LIBRARIES = YES;
				BUNDLE_LOADER = "$(TEST_HOST)";
				INFOPLIST_FILE = SimpleTwitterClientTests/Info.plist;
				LD_RUNPATH_SEARCH_PATHS = "$(inherited) @executable_path/Frameworks @loader_path/Frameworks";
				PRODUCT_BUNDLE_IDENTIFIER = com.gawish.SimpleTwitterClientTests;
				PRODUCT_NAME = "$(TARGET_NAME)";
				SWIFT_VERSION = 3.0;
				TEST_HOST = "$(BUILT_PRODUCTS_DIR)/SimpleTwitterClient.app/SimpleTwitterClient";
			};
			name = Release;
		};
		66C01B921F54CC4700DB2AF4 /* Debug */ = {
			isa = XCBuildConfiguration;
			buildSettings = {
				ALWAYS_EMBED_SWIFT_STANDARD_LIBRARIES = YES;
				INFOPLIST_FILE = SimpleTwitterClientUITests/Info.plist;
				LD_RUNPATH_SEARCH_PATHS = "$(inherited) @executable_path/Frameworks @loader_path/Frameworks";
				PRODUCT_BUNDLE_IDENTIFIER = com.gawish.SimpleTwitterClientUITests;
				PRODUCT_NAME = "$(TARGET_NAME)";
				SWIFT_VERSION = 3.0;
				TEST_TARGET_NAME = SimpleTwitterClient;
			};
			name = Debug;
		};
		66C01B931F54CC4700DB2AF4 /* Release */ = {
			isa = XCBuildConfiguration;
			buildSettings = {
				ALWAYS_EMBED_SWIFT_STANDARD_LIBRARIES = YES;
				INFOPLIST_FILE = SimpleTwitterClientUITests/Info.plist;
				LD_RUNPATH_SEARCH_PATHS = "$(inherited) @executable_path/Frameworks @loader_path/Frameworks";
				PRODUCT_BUNDLE_IDENTIFIER = com.gawish.SimpleTwitterClientUITests;
				PRODUCT_NAME = "$(TARGET_NAME)";
				SWIFT_VERSION = 3.0;
				TEST_TARGET_NAME = SimpleTwitterClient;
			};
			name = Release;
		};
/* End XCBuildConfiguration section */

/* Begin XCConfigurationList section */
		66C01B5E1F54CC4700DB2AF4 /* Build configuration list for PBXProject "SimpleTwitterClient" */ = {
			isa = XCConfigurationList;
			buildConfigurations = (
				66C01B891F54CC4700DB2AF4 /* Debug */,
				66C01B8A1F54CC4700DB2AF4 /* Release */,
			);
			defaultConfigurationIsVisible = 0;
			defaultConfigurationName = Release;
		};
		66C01B8B1F54CC4700DB2AF4 /* Build configuration list for PBXNativeTarget "SimpleTwitterClient" */ = {
			isa = XCConfigurationList;
			buildConfigurations = (
				66C01B8C1F54CC4700DB2AF4 /* Debug */,
				66C01B8D1F54CC4700DB2AF4 /* Release */,
			);
			defaultConfigurationIsVisible = 0;
		};
		66C01B8E1F54CC4700DB2AF4 /* Build configuration list for PBXNativeTarget "SimpleTwitterClientTests" */ = {
			isa = XCConfigurationList;
			buildConfigurations = (
				66C01B8F1F54CC4700DB2AF4 /* Debug */,
				66C01B901F54CC4700DB2AF4 /* Release */,
			);
			defaultConfigurationIsVisible = 0;
		};
		66C01B911F54CC4700DB2AF4 /* Build configuration list for PBXNativeTarget "SimpleTwitterClientUITests" */ = {
			isa = XCConfigurationList;
			buildConfigurations = (
				66C01B921F54CC4700DB2AF4 /* Debug */,
				66C01B931F54CC4700DB2AF4 /* Release */,
			);
			defaultConfigurationIsVisible = 0;
		};
/* End XCConfigurationList section */
	};
	rootObject = 66C01B5B1F54CC4700DB2AF4 /* Project object */;
}
